
Microsoft Visual Studio Solution File, Format Version 12.00
# Visual Studio 15
VisualStudioVersion = 15.0.28307.271
MinimumVisualStudioVersion = 10.0.40219.1
Project("{FAE04EC0-301F-11D3-BF4B-00C04F79EFBC}") = "Yahtzee", "Yahtzee\Yahtzee.csproj", "{4FBA8D4D-D090-45B1-828A-7C0431C5D727}"
EndProject
Project("{FAE04EC0-301F-11D3-BF4B-00C04F79EFBC}") = "YahtzeeTests1", "YahtzeeTests1\YahtzeeTests1.csproj", "{25144301-461A-448A-81FB-E6A262D3305E}"
EndProject
Global
	GlobalSection(SolutionConfigurationPlatforms) = preSolution
		Debug|Any CPU = Debug|Any CPU
		Release|Any CPU = Release|Any CPU
	EndGlobalSection
	GlobalSection(ProjectConfigurationPlatforms) = postSolution
		{4FBA8D4D-D090-45B1-828A-7C0431C5D727}.Debug|Any CPU.ActiveCfg = Debug|Any CPU
		{4FBA8D4D-D090-45B1-828A-7C0431C5D727}.Debug|Any CPU.Build.0 = Debug|Any CPU
		{4FBA8D4D-D090-45B1-828A-7C0431C5D727}.Release|Any CPU.ActiveCfg = Release|Any CPU
		{4FBA8D4D-D090-45B1-828A-7C0431C5D727}.Release|Any CPU.Build.0 = Release|Any CPU
		{25144301-461A-448A-81FB-E6A262D3305E}.Debug|Any CPU.ActiveCfg = Debug|Any CPU
		{25144301-461A-448A-81FB-E6A262D3305E}.Debug|Any CPU.Build.0 = Debug|Any CPU
		{25144301-461A-448A-81FB-E6A262D3305E}.Release|Any CPU.ActiveCfg = Release|Any CPU
		{25144301-461A-448A-81FB-E6A262D3305E}.Release|Any CPU.Build.0 = Release|Any CPU
	EndGlobalSection
	GlobalSection(SolutionProperties) = preSolution
		HideSolutionNode = FALSE
	EndGlobalSection
	GlobalSection(ExtensibilityGlobals) = postSolution
		SolutionGuid = {983E02A9-373E-4AC8-855F-F4D4F3AA8B29}
	EndGlobalSection
EndGlobal
